Microsoft Visual Studio Solution File, Format Version 12.00
# Visual Studio Version 17
VisualStudioVersion = 17.5.2.0
MinimumVisualStudioVersion = 10.0.40219.1
Project("{FAE04EC0-301F-11D3-BF4B-00C04F79EFBC}") = "KUETHardwareAccelerationClub", "KUETHardwareAccelerationClub.csproj", "{9B62FD59-8431-CE8E-305C-21FF02E9E071}"
EndProject
Global
	GlobalSection(SolutionConfigurationPlatforms) = preSolution
		Debug|Any CPU = Debug|Any CPU
		Release|Any CPU = Release|Any CPU
	EndGlobalSection
	GlobalSection(ProjectConfigurationPlatforms) = postSolution
		{9B62FD59-8431-CE8E-305C-21FF02E9E071}.Debug|Any CPU.ActiveCfg = Debug|Any CPU
		{9B62FD59-8431-CE8E-305C-21FF02E9E071}.Debug|Any CPU.Build.0 = Debug|Any CPU
		{9B62FD59-8431-CE8E-305C-21FF02E9E071}.Release|Any CPU.ActiveCfg = Release|Any CPU
		{9B62FD59-8431-CE8E-305C-21FF02E9E071}.Release|Any CPU.Build.0 = Release|Any CPU
	EndGlobalSection
	GlobalSection(SolutionProperties) = preSolution
		HideSolutionNode = FALSE
	EndGlobalSection
	GlobalSection(ExtensibilityGlobals) = postSolution
		SolutionGuid = {5E8D59E1-1910-42AF-9738-B9EEF57254E7}
	EndGlobalSection
EndGlobal
